
Microsoft Visual Studio Solution File, Format Version 12.00
# Visual Studio Version 16
VisualStudioVersion = 16.0.30804.86
MinimumVisualStudioVersion = 10.0.40219.1
Project("{FAE04EC0-301F-11D3-BF4B-00C04F79EFBC}") = "QuanLySoTietKiem", "QuanLySoTietKiem\QuanLySoTietKiem.csproj", "{6EE0AD16-DEF5-4FBC-9855-C86BD1D6FC90}"
EndProject
Project("{FAE04EC0-301F-11D3-BF4B-00C04F79EFBC}") = "DTO", "DTO\DTO.csproj", "{C0DA321B-B215-455D-8F4B-C8629A20792A}"
EndProject
Global
	GlobalSection(SolutionConfigurationPlatforms) = preSolution
		Debug|Any CPU = Debug|Any CPU
		Release|Any CPU = Release|Any CPU
	EndGlobalSection
	GlobalSection(ProjectConfigurationPlatforms) = postSolution
		{6EE0AD16-DEF5-4FBC-9855-C86BD1D6FC90}.Debug|Any CPU.ActiveCfg = Debug|Any CPU
		{6EE0AD16-DEF5-4FBC-9855-C86BD1D6FC90}.Debug|Any CPU.Build.0 = Debug|Any CPU
		{6EE0AD16-DEF5-4FBC-9855-C86BD1D6FC90}.Release|Any CPU.ActiveCfg = Release|Any CPU
		{6EE0AD16-DEF5-4FBC-9855-C86BD1D6FC90}.Release|Any CPU.Build.0 = Release|Any CPU
		{C0DA321B-B215-455D-8F4B-C8629A20792A}.Debug|Any CPU.ActiveCfg = Debug|Any CPU
		{C0DA321B-B215-455D-8F4B-C8629A20792A}.Debug|Any CPU.Build.0 = Debug|Any CPU
		{C0DA321B-B215-455D-8F4B-C8629A20792A}.Release|Any CPU.ActiveCfg = Release|Any CPU
		{C0DA321B-B215-455D-8F4B-C8629A20792A}.Release|Any CPU.Build.0 = Release|Any CPU
	EndGlobalSection
	GlobalSection(SolutionProperties) = preSolution
		HideSolutionNode = FALSE
	EndGlobalSection
	GlobalSection(ExtensibilityGlobals) = postSolution
		SolutionGuid = {A15F8B68-E690-46E7-A7FC-0A3A597351FA}
	EndGlobalSection
EndGlobal
